
Microsoft Visual Studio Solution File, Format Version 12.00
# Visual Studio Version 16
VisualStudioVersion = 16.0.31402.337
MinimumVisualStudioVersion = 10.0.40219.1
Project("{FAE04EC0-301F-11D3-BF4B-00C04F79EFBC}") = "Calculo MDC", "Calculo MDC\Calculo MDC.csproj", "{132E6B88-622F-44B4-9E33-4ED599000798}"
EndProject
Global
	GlobalSection(SolutionConfigurationPlatforms) = preSolution
		Debug|Any CPU = Debug|Any CPU
		Release|Any CPU = Release|Any CPU
	EndGlobalSection
	GlobalSection(ProjectConfigurationPlatforms) = postSolution
		{132E6B88-622F-44B4-9E33-4ED599000798}.Debug|Any CPU.ActiveCfg = Debug|Any CPU
		{132E6B88-622F-44B4-9E33-4ED599000798}.Debug|Any CPU.Build.0 = Debug|Any CPU
		{132E6B88-622F-44B4-9E33-4ED599000798}.Release|Any CPU.ActiveCfg = Release|Any CPU
		{132E6B88-622F-44B4-9E33-4ED599000798}.Release|Any CPU.Build.0 = Release|Any CPU
	EndGlobalSection
	GlobalSection(SolutionProperties) = preSolution
		HideSolutionNode = FALSE
	EndGlobalSection
	GlobalSection(ExtensibilityGlobals) = postSolution
		SolutionGuid = {949E7819-C39B-400D-9B3C-284E8AFDC382}
	EndGlobalSection
EndGlobal
